<Solution>
  <Folder Name="/Solution Items/">
    <File Path=".env" />
  </Folder>
  <Project Path="docker-compose.dcproj">
    <Build />
  </Project>
  <Project Path="Viora.Api/Viora.Api.csproj" />
  <Project Path="Viora.Application/Viora.Application.csproj" />
  <Project Path="Viora.Domain/Viora.Domain.csproj" />
  <Project Path="Viora.Infrastructure/Viora.Infrastructure.csproj" />
</Solution>
